PODS:
  - OHHTTPStubs/Core (6.1.0)
  - OHHTTPStubs/Default (6.1.0):
    - OHHTTPStubs/Core
    - OHHTTPStubs/JSON
    - OHHTTPStubs/NSURLSession
    - OHHTTPStubs/OHPathHelpers
  - OHHTTPStubs/JSON (6.1.0):
    - OHHTTPStubs/Core
  - OHHTTPStubs/NSURLSession (6.1.0):
    - OHHTTPStubs/Core
  - OHHTTPStubs/OHPathHelpers (6.1.0)
  - OHHTTPStubs/Swift (6.1.0):
    - OHHTTPStubs/Default
  - SAMKeychain (1.5.3)

DEPENDENCIES:
  - OHHTTPStubs/Swift
  - SAMKeychain

SPEC REPOS:
  https://github.com/cocoapods/specs.git:
    - OHHTTPStubs
    - SAMKeychain

SPEC CHECKSUMS:
  OHHTTPStubs: 1e21c7d2c084b8153fc53d48400d8919d2d432d0
  SAMKeychain: 483e1c9f32984d50ca961e26818a534283b4cd5c

PODFILE CHECKSUM: a500cdcc18b6d5ad182598280acf777ed40bd347

COCOAPODS: 1.5.3
