// !$*UTF8*$!
{
	archiveVersion = 1;
	classes = {
	};
	objectVersion = 50;
	objects = {

/* Begin PBXBuildFile section */
		0320203E221322FE0065E421 /* String+Error.swift in Sources */ = {isa = PBXBuildFile; fileRef = 0320203D221322FE0065E421 /* String+Error.swift */; };
		032020412213234D0065E421 /* Person.swift in Sources */ = {isa = PBXBuildFile; fileRef = 032020402213234D0065E421 /* Person.swift */; };
		03202043221323A90065E421 /* PageOfPeople.swift in Sources */ = {isa = PBXBuildFile; fileRef = 03202042221323A90065E421 /* PageOfPeople.swift */; };
		03202045221325530065E421 /* MasterDataSource.swift in Sources */ = {isa = PBXBuildFile; fileRef = 03202044221325530065E421 /* MasterDataSource.swift */; };
		032020482213261E0065E421 /* PeopleClient.swift in Sources */ = {isa = PBXBuildFile; fileRef = 032020472213261E0065E421 /* PeopleClient.swift */; };
		0320204A2213265A0065E421 /* SWAPIAdapterInterface.swift in Sources */ = {isa = PBXBuildFile; fileRef = 032020492213265A0065E421 /* SWAPIAdapterInterface.swift */; };
		0320204C22132CF80065E421 /* PeopleClientInterface.swift in Sources */ = {isa = PBXBuildFile; fileRef = 0320204B22132CF80065E421 /* PeopleClientInterface.swift */; };
		0380CEC2221282860031427D /* AppDelegate.swift in Sources */ = {isa = PBXBuildFile; fileRef = 0380CEC1221282860031427D /* AppDelegate.swift */; };
		0380CEC4221282860031427D /* MasterViewController.swift in Sources */ = {isa = PBXBuildFile; fileRef = 0380CEC3221282860031427D /* MasterViewController.swift */; };
		0380CEC6221282860031427D /* DetailViewController.swift in Sources */ = {isa = PBXBuildFile; fileRef = 0380CEC5221282860031427D /* DetailViewController.swift */; };
		0380CEC9221282860031427D /* Main.storyboard in Resources */ = {isa = PBXBuildFile; fileRef = 0380CEC7221282860031427D /* Main.storyboard */; };
		0380CECB221282870031427D /* Assets.xcassets in Resources */ = {isa = PBXBuildFile; fileRef = 0380CECA221282870031427D /* Assets.xcassets */; };
		0380CECE221282870031427D /* LaunchScreen.storyboard in Resources */ = {isa = PBXBuildFile; fileRef = 0380CECC221282870031427D /* LaunchScreen.storyboard */; };
		0380CEE4221282870031427D /* StarWarsPeopleUITests.swift in Sources */ = {isa = PBXBuildFile; fileRef = 0380CEE3221282870031427D /* StarWarsPeopleUITests.swift */; };
		0380CEF2221283310031427D /* SWAPIAdapter.swift in Sources */ = {isa = PBXBuildFile; fileRef = 0380CEF1221283310031427D /* SWAPIAdapter.swift */; };
		0380CEF422129E4E0031427D /* SWAPIAdapterTests.swift in Sources */ = {isa = PBXBuildFile; fileRef = 0380CEF322129E4E0031427D /* SWAPIAdapterTests.swift */; };
		03EC93CE221352B700CA88A3 /* MasterDataSourceTests.swift in Sources */ = {isa = PBXBuildFile; fileRef = 03EC93CD221352B700CA88A3 /* MasterDataSourceTests.swift */; };
		03EC93D0221355D800CA88A3 /* TestPeople.swift in Sources */ = {isa = PBXBuildFile; fileRef = 03EC93CF221355D800CA88A3 /* TestPeople.swift */; };
		03EC93D22213658700CA88A3 /* PeopleClientMock.swift in Sources */ = {isa = PBXBuildFile; fileRef = 03EC93D12213658700CA88A3 /* PeopleClientMock.swift */; };
		03EC93D72213669B00CA88A3 /* PageOfPeople.json in Resources */ = {isa = PBXBuildFile; fileRef = 03EC93D62213669B00CA88A3 /* PageOfPeople.json */; };
		1E99AF81AED89F6BF375B41A /* Pods_StarWarsPeopleTests.framework in Frameworks */ = {isa = PBXBuildFile; fileRef = CCC5C02ACAC5BDE4C5B355A4 /* Pods_StarWarsPeopleTests.framework */; };
		4C6E8817079548DD606EBA2E /* Pods_StarWarsPeopleUITests.framework in Frameworks */ = {isa = PBXBuildFile; fileRef = 7F8097E17AFA4945047F6C96 /* Pods_StarWarsPeopleUITests.framework */; };
		607DACF339DF0985075C27EB /* Pods_StarWarsPeople.framework in Frameworks */ = {isa = PBXBuildFile; fileRef = D22DBECC333BB29E3164CD2F /* Pods_StarWarsPeople.framework */; };
/* End PBXBuildFile section */

/* Begin PBXContainerItemProxy section */
		0380CED5221282870031427D /* PBXContainerItemProxy */ = {
			isa = PBXContainerItemProxy;
			containerPortal = 0380CEB6221282860031427D /* Project object */;
			proxyType = 1;
			remoteGlobalIDString = 0380CEBD221282860031427D;
			remoteInfo = StarWarsPeople;
		};
		0380CEE0221282870031427D /* PBXContainerItemProxy */ = {
			isa = PBXContainerItemProxy;
			containerPortal = 0380CEB6221282860031427D /* Project object */;
			proxyType = 1;
			remoteGlobalIDString = 0380CEBD221282860031427D;
			remoteInfo = StarWarsPeople;
		};
/* End PBXContainerItemProxy section */

/* Begin PBXFileReference section */
		02E46C95FE1372EA391049AD /* Pods-StarWarsPeopleTests.release.xcconfig */ = {isa = PBXFileReference; includeInIndex = 1; lastKnownFileType = text.xcconfig; name = "Pods-StarWarsPeopleTests.release.xcconfig"; path = "Pods/Target Support Files/Pods-StarWarsPeopleTests/Pods-StarWarsPeopleTests.release.xcconfig"; sourceTree = "<group>"; };
		0320203D221322FE0065E421 /* String+Error.swift */ = {isa = PBXFileReference; lastKnownFileType = sourcecode.swift; path = "String+Error.swift"; sourceTree = "<group>"; };
		032020402213234D0065E421 /* Person.swift */ = {isa = PBXFileReference; lastKnownFileType = sourcecode.swift; path = Person.swift; sourceTree = "<group>"; };
		03202042221323A90065E421 /* PageOfPeople.swift */ = {isa = PBXFileReference; lastKnownFileType = sourcecode.swift; path = PageOfPeople.swift; sourceTree = "<group>"; };
		03202044221325530065E421 /* MasterDataSource.swift */ = {isa = PBXFileReference; lastKnownFileType = sourcecode.swift; path = MasterDataSource.swift; sourceTree = "<group>"; };
		032020472213261E0065E421 /* PeopleClient.swift */ = {isa = PBXFileReference; lastKnownFileType = sourcecode.swift; path = PeopleClient.swift; sourceTree = "<group>"; };
		032020492213265A0065E421 /* SWAPIAdapterInterface.swift */ = {isa = PBXFileReference; lastKnownFileType = sourcecode.swift; path = SWAPIAdapterInterface.swift; sourceTree = "<group>"; };
		0320204B22132CF80065E421 /* PeopleClientInterface.swift */ = {isa = PBXFileReference; lastKnownFileType = sourcecode.swift; path = PeopleClientInterface.swift; sourceTree = "<group>"; };
		0380CEBE221282860031427D /* StarWarsPeople.app */ = {isa = PBXFileReference; explicitFileType = wrapper.application; includeInIndex = 0; path = StarWarsPeople.app; sourceTree = BUILT_PRODUCTS_DIR; };
		0380CEC1221282860031427D /* AppDelegate.swift */ = {isa = PBXFileReference; lastKnownFileType = sourcecode.swift; path = AppDelegate.swift; sourceTree = "<group>"; };
		0380CEC3221282860031427D /* MasterViewController.swift */ = {isa = PBXFileReference; lastKnownFileType = sourcecode.swift; path = MasterViewController.swift; sourceTree = "<group>"; };
		0380CEC5221282860031427D /* DetailViewController.swift */ = {isa = PBXFileReference; lastKnownFileType = sourcecode.swift; path = DetailViewController.swift; sourceTree = "<group>"; };
		0380CEC8221282860031427D /* Base */ = {isa = PBXFileReference; lastKnownFileType = file.storyboard; name = Base; path = Base.lproj/Main.storyboard; sourceTree = "<group>"; };
		0380CECA221282870031427D /* Assets.xcassets */ = {isa = PBXFileReference; lastKnownFileType = folder.assetcatalog; path = Assets.xcassets; sourceTree = "<group>"; };
		0380CECD221282870031427D /* Base */ = {isa = PBXFileReference; lastKnownFileType = file.storyboard; name = Base; path = Base.lproj/LaunchScreen.storyboard; sourceTree = "<group>"; };
		0380CECF221282870031427D /* Info.plist */ = {isa = PBXFileReference; lastKnownFileType = text.plist.xml; path = Info.plist; sourceTree = "<group>"; };
		0380CED4221282870031427D /* StarWarsPeopleTests.xctest */ = {isa = PBXFileReference; explicitFileType = wrapper.cfbundle; includeInIndex = 0; path = StarWarsPeopleTests.xctest; sourceTree = BUILT_PRODUCTS_DIR; };
		0380CEDA221282870031427D /* Info.plist */ = {isa = PBXFileReference; lastKnownFileType = text.plist.xml; path = Info.plist; sourceTree = "<group>"; };
		0380CEDF221282870031427D /* StarWarsPeopleUITests.xctest */ = {isa = PBXFileReference; explicitFileType = wrapper.cfbundle; includeInIndex = 0; path = StarWarsPeopleUITests.xctest; sourceTree = BUILT_PRODUCTS_DIR; };
		0380CEE3221282870031427D /* StarWarsPeopleUITests.swift */ = {isa = PBXFileReference; lastKnownFileType = sourcecode.swift; path = StarWarsPeopleUITests.swift; sourceTree = "<group>"; };
		0380CEE5221282870031427D /* Info.plist */ = {isa = PBXFileReference; lastKnownFileType = text.plist.xml; path = Info.plist; sourceTree = "<group>"; };
		0380CEF1221283310031427D /* SWAPIAdapter.swift */ = {isa = PBXFileReference; lastKnownFileType = sourcecode.swift; path = SWAPIAdapter.swift; sourceTree = "<group>"; };
		0380CEF322129E4E0031427D /* SWAPIAdapterTests.swift */ = {isa = PBXFileReference; lastKnownFileType = sourcecode.swift; path = SWAPIAdapterTests.swift; sourceTree = "<group>"; };
		03EC93CD221352B700CA88A3 /* MasterDataSourceTests.swift */ = {isa = PBXFileReference; lastKnownFileType = sourcecode.swift; path = MasterDataSourceTests.swift; sourceTree = "<group>"; };
		03EC93CF221355D800CA88A3 /* TestPeople.swift */ = {isa = PBXFileReference; lastKnownFileType = sourcecode.swift; path = TestPeople.swift; sourceTree = "<group>"; };
		03EC93D12213658700CA88A3 /* PeopleClientMock.swift */ = {isa = PBXFileReference; lastKnownFileType = sourcecode.swift; path = PeopleClientMock.swift; sourceTree = "<group>"; };
		03EC93D62213669B00CA88A3 /* PageOfPeople.json */ = {isa = PBXFileReference; lastKnownFileType = text.json; path = PageOfPeople.json; sourceTree = "<group>"; };
		18A0135BAC79E70779A01815 /* Pods-StarWarsPeopleUITests.release.xcconfig */ = {isa = PBXFileReference; includeInIndex = 1; lastKnownFileType = text.xcconfig; name = "Pods-StarWarsPeopleUITests.release.xcconfig"; path = "Pods/Target Support Files/Pods-StarWarsPeopleUITests/Pods-StarWarsPeopleUITests.release.xcconfig"; sourceTree = "<group>"; };
		668582A4EE975399566275D1 /* Pods-StarWarsPeopleUITests.debug.xcconfig */ = {isa = PBXFileReference; includeInIndex = 1; lastKnownFileType = text.xcconfig; name = "Pods-StarWarsPeopleUITests.debug.xcconfig"; path = "Target Support Files/Pods-StarWarsPeopleUITests/Pods-StarWarsPeopleUITests.debug.xcconfig"; sourceTree = "<group>"; };
		72E2D5FEF87DD430954010D5 /* Pods-StarWarsPeopleUITests.release.xcconfig */ = {isa = PBXFileReference; includeInIndex = 1; lastKnownFileType = text.xcconfig; name = "Pods-StarWarsPeopleUITests.release.xcconfig"; path = "Target Support Files/Pods-StarWarsPeopleUITests/Pods-StarWarsPeopleUITests.release.xcconfig"; sourceTree = "<group>"; };
		77FA47DB7AD857F6ADFDAEA7 /* Pods-StarWarsPeopleTests.debug.xcconfig */ = {isa = PBXFileReference; includeInIndex = 1; lastKnownFileType = text.xcconfig; name = "Pods-StarWarsPeopleTests.debug.xcconfig"; path = "Pods/Target Support Files/Pods-StarWarsPeopleTests/Pods-StarWarsPeopleTests.debug.xcconfig"; sourceTree = "<group>"; };
		7F8097E17AFA4945047F6C96 /* Pods_StarWarsPeopleUITests.framework */ = {isa = PBXFileReference; explicitFileType = wrapper.framework; includeInIndex = 0; path = Pods_StarWarsPeopleUITests.framework; sourceTree = BUILT_PRODUCTS_DIR; };
		8A5648103D64A65D3E677013 /* Pods-StarWarsPeople.release.xcconfig */ = {isa = PBXFileReference; includeInIndex = 1; lastKnownFileType = text.xcconfig; name = "Pods-StarWarsPeople.release.xcconfig"; path = "Target Support Files/Pods-StarWarsPeople/Pods-StarWarsPeople.release.xcconfig"; sourceTree = "<group>"; };
		9DE0A7D1E97571D77B35DEB4 /* Pods-StarWarsPeopleUITests.debug.xcconfig */ = {isa = PBXFileReference; includeInIndex = 1; lastKnownFileType = text.xcconfig; name = "Pods-StarWarsPeopleUITests.debug.xcconfig"; path = "Pods/Target Support Files/Pods-StarWarsPeopleUITests/Pods-StarWarsPeopleUITests.debug.xcconfig"; sourceTree = "<group>"; };
		A9BEDBDD4DDF1DD30863EEF8 /* Pods-StarWarsPeople.debug.xcconfig */ = {isa = PBXFileReference; includeInIndex = 1; lastKnownFileType = text.xcconfig; name = "Pods-StarWarsPeople.debug.xcconfig"; path = "Target Support Files/Pods-StarWarsPeople/Pods-StarWarsPeople.debug.xcconfig"; sourceTree = "<group>"; };
		AB3A899A9699B1D02AF89CA8 /* Pods-StarWarsPeople.debug.xcconfig */ = {isa = PBXFileReference; includeInIndex = 1; lastKnownFileType = text.xcconfig; name = "Pods-StarWarsPeople.debug.xcconfig"; path = "Pods/Target Support Files/Pods-StarWarsPeople/Pods-StarWarsPeople.debug.xcconfig"; sourceTree = "<group>"; };
		ADF53087E4B7BDB95904FF26 /* Pods-StarWarsPeople.release.xcconfig */ = {isa = PBXFileReference; includeInIndex = 1; lastKnownFileType = text.xcconfig; name = "Pods-StarWarsPeople.release.xcconfig"; path = "Pods/Target Support Files/Pods-StarWarsPeople/Pods-StarWarsPeople.release.xcconfig"; sourceTree = "<group>"; };
		CCC5C02ACAC5BDE4C5B355A4 /* Pods_StarWarsPeopleTests.framework */ = {isa = PBXFileReference; explicitFileType = wrapper.framework; includeInIndex = 0; path = Pods_StarWarsPeopleTests.framework; sourceTree = BUILT_PRODUCTS_DIR; };
		D22DBECC333BB29E3164CD2F /* Pods_StarWarsPeople.framework */ = {isa = PBXFileReference; explicitFileType = wrapper.framework; includeInIndex = 0; path = Pods_StarWarsPeople.framework; sourceTree = BUILT_PRODUCTS_DIR; };
		E7C3D096BABA20637231E2FC /* Pods-StarWarsPeopleTests.debug.xcconfig */ = {isa = PBXFileReference; includeInIndex = 1; lastKnownFileType = text.xcconfig; name = "Pods-StarWarsPeopleTests.debug.xcconfig"; path = "Target Support Files/Pods-StarWarsPeopleTests/Pods-StarWarsPeopleTests.debug.xcconfig"; sourceTree = "<group>"; };
		F389DDB30E80A3E7406B8A8D /* Pods-StarWarsPeopleTests.release.xcconfig */ = {isa = PBXFileReference; includeInIndex = 1; lastKnownFileType = text.xcconfig; name = "Pods-StarWarsPeopleTests.release.xcconfig"; path = "Target Support Files/Pods-StarWarsPeopleTests/Pods-StarWarsPeopleTests.release.xcconfig"; sourceTree = "<group>"; };
/* End PBXFileReference section */

/* Begin PBXFrameworksBuildPhase section */
		0380CEBB221282860031427D /* Frameworks */ = {
			isa = PBXFrameworksBuildPhase;
			buildActionMask = 2147483647;
			files = (
				607DACF339DF0985075C27EB /* Pods_StarWarsPeople.framework in Frameworks */,
			);
			runOnlyForDeploymentPostprocessing = 0;
		};
		0380CED1221282870031427D /* Frameworks */ = {
			isa = PBXFrameworksBuildPhase;
			buildActionMask = 2147483647;
			files = (
				1E99AF81AED89F6BF375B41A /* Pods_StarWarsPeopleTests.framework in Frameworks */,
			);
			runOnlyForDeploymentPostprocessing = 0;
		};
		0380CEDC221282870031427D /* Frameworks */ = {
			isa = PBXFrameworksBuildPhase;
			buildActionMask = 2147483647;
			files = (
				4C6E8817079548DD606EBA2E /* Pods_StarWarsPeopleUITests.framework in Frameworks */,
			);
			runOnlyForDeploymentPostprocessing = 0;
		};
/* End PBXFrameworksBuildPhase section */

/* Begin PBXGroup section */
		0320203F221323390065E421 /* Models */ = {
			isa = PBXGroup;
			children = (
				03202042221323A90065E421 /* PageOfPeople.swift */,
				032020402213234D0065E421 /* Person.swift */,
			);
			path = Models;
			sourceTree = "<group>";
		};
		03202046221326010065E421 /* API */ = {
			isa = PBXGroup;
			children = (
				0380CEF1221283310031427D /* SWAPIAdapter.swift */,
				032020492213265A0065E421 /* SWAPIAdapterInterface.swift */,
				032020472213261E0065E421 /* PeopleClient.swift */,
				0320204B22132CF80065E421 /* PeopleClientInterface.swift */,
				0320203D221322FE0065E421 /* String+Error.swift */,
			);
			path = API;
			sourceTree = "<group>";
		};
		0320204D22132D7F0065E421 /* Master */ = {
			isa = PBXGroup;
			children = (
				0380CEC3221282860031427D /* MasterViewController.swift */,
				03202044221325530065E421 /* MasterDataSource.swift */,
			);
			path = Master;
			sourceTree = "<group>";
		};
		0380CEB5221282860031427D = {
			isa = PBXGroup;
			children = (
				0380CEC0221282860031427D /* StarWarsPeople */,
				0380CED7221282870031427D /* StarWarsPeopleTests */,
				0380CEE2221282870031427D /* StarWarsPeopleUITests */,
				0380CEBF221282860031427D /* Products */,
				8F149028CC287D068325F249 /* Pods */,
				4D3ADAD24839B8FCCD68F984 /* Frameworks */,
			);
			sourceTree = "<group>";
		};
		0380CEBF221282860031427D /* Products */ = {
			isa = PBXGroup;
			children = (
				0380CEBE221282860031427D /* StarWarsPeople.app */,
				0380CED4221282870031427D /* StarWarsPeopleTests.xctest */,
				0380CEDF221282870031427D /* StarWarsPeopleUITests.xctest */,
			);
			name = Products;
			sourceTree = "<group>";
		};
		0380CEC0221282860031427D /* StarWarsPeople */ = {
			isa = PBXGroup;
			children = (
				0380CEC1221282860031427D /* AppDelegate.swift */,
				0320204D22132D7F0065E421 /* Master */,
				03EC93CC2213526200CA88A3 /* Detail */,
				03202046221326010065E421 /* API */,
				0320203F221323390065E421 /* Models */,
				0380CEC7221282860031427D /* Main.storyboard */,
				0380CECA221282870031427D /* Assets.xcassets */,
				0380CECC221282870031427D /* LaunchScreen.storyboard */,
				0380CECF221282870031427D /* Info.plist */,
			);
			path = StarWarsPeople;
			sourceTree = "<group>";
		};
		0380CED7221282870031427D /* StarWarsPeopleTests */ = {
			isa = PBXGroup;
			children = (
				03EC93CD221352B700CA88A3 /* MasterDataSourceTests.swift */,
				0380CEF322129E4E0031427D /* SWAPIAdapterTests.swift */,
				03EC93D5221365C600CA88A3 /* Mocks */,
				0380CEF522129EB50031427D /* Test Fixtures */,
				0380CEDA221282870031427D /* Info.plist */,
			);
			path = StarWarsPeopleTests;
			sourceTree = "<group>";
		};
		0380CEE2221282870031427D /* StarWarsPeopleUITests */ = {
			isa = PBXGroup;
			children = (
				0380CEE3221282870031427D /* StarWarsPeopleUITests.swift */,
				0380CEE5221282870031427D /* Info.plist */,
			);
			path = StarWarsPeopleUITests;
			sourceTree = "<group>";
		};
		0380CEF522129EB50031427D /* Test Fixtures */ = {
			isa = PBXGroup;
			children = (
				03EC93CF221355D800CA88A3 /* TestPeople.swift */,
				03EC93D62213669B00CA88A3 /* PageOfPeople.json */,
			);
			path = "Test Fixtures";
			sourceTree = "<group>";
		};
		03EC93CC2213526200CA88A3 /* Detail */ = {
			isa = PBXGroup;
			children = (
				0380CEC5221282860031427D /* DetailViewController.swift */,
			);
			path = Detail;
			sourceTree = "<group>";
		};
		03EC93D5221365C600CA88A3 /* Mocks */ = {
			isa = PBXGroup;
			children = (
				03EC93D12213658700CA88A3 /* PeopleClientMock.swift */,
			);
			name = Mocks;
			path = "Test Fixtures/Mocks";
			sourceTree = "<group>";
		};
		4D3ADAD24839B8FCCD68F984 /* Frameworks */ = {
			isa = PBXGroup;
			children = (
				D22DBECC333BB29E3164CD2F /* Pods_StarWarsPeople.framework */,
				CCC5C02ACAC5BDE4C5B355A4 /* Pods_StarWarsPeopleTests.framework */,
				7F8097E17AFA4945047F6C96 /* Pods_StarWarsPeopleUITests.framework */,
			);
			name = Frameworks;
			sourceTree = "<group>";
		};
		8F149028CC287D068325F249 /* Pods */ = {
			isa = PBXGroup;
			children = (
				A9BEDBDD4DDF1DD30863EEF8 /* Pods-StarWarsPeople.debug.xcconfig */,
				8A5648103D64A65D3E677013 /* Pods-StarWarsPeople.release.xcconfig */,
				E7C3D096BABA20637231E2FC /* Pods-StarWarsPeopleTests.debug.xcconfig */,
				F389DDB30E80A3E7406B8A8D /* Pods-StarWarsPeopleTests.release.xcconfig */,
				668582A4EE975399566275D1 /* Pods-StarWarsPeopleUITests.debug.xcconfig */,
				72E2D5FEF87DD430954010D5 /* Pods-StarWarsPeopleUITests.release.xcconfig */,
				AB3A899A9699B1D02AF89CA8 /* Pods-StarWarsPeople.debug.xcconfig */,
				ADF53087E4B7BDB95904FF26 /* Pods-StarWarsPeople.release.xcconfig */,
				77FA47DB7AD857F6ADFDAEA7 /* Pods-StarWarsPeopleTests.debug.xcconfig */,
				02E46C95FE1372EA391049AD /* Pods-StarWarsPeopleTests.release.xcconfig */,
				9DE0A7D1E97571D77B35DEB4 /* Pods-StarWarsPeopleUITests.debug.xcconfig */,
				18A0135BAC79E70779A01815 /* Pods-StarWarsPeopleUITests.release.xcconfig */,
			);
			path = Pods;
			sourceTree = "<group>";
		};
/* End PBXGroup section */

/* Begin PBXNativeTarget section */
		0380CEBD221282860031427D /* StarWarsPeople */ = {
			isa = PBXNativeTarget;
			buildConfigurationList = 0380CEE8221282870031427D /* Build configuration list for PBXNativeTarget "StarWarsPeople" */;
			buildPhases = (
				4CF8B255EDC97C8FCB7B5C4B /* [CP] Check Pods Manifest.lock */,
				0380CEBA221282860031427D /* Sources */,
				0380CEBB221282860031427D /* Frameworks */,
				0380CEBC221282860031427D /* Resources */,
				A4D2E867330B20A4D42C64ED /* [CP] Embed Pods Frameworks */,
			);
			buildRules = (
			);
			dependencies = (
			);
			name = StarWarsPeople;
			productName = StarWarsPeople;
			productReference = 0380CEBE221282860031427D /* StarWarsPeople.app */;
			productType = "com.apple.product-type.application";
		};
		0380CED3221282870031427D /* StarWarsPeopleTests */ = {
			isa = PBXNativeTarget;
			buildConfigurationList = 0380CEEB221282870031427D /* Build configuration list for PBXNativeTarget "StarWarsPeopleTests" */;
			buildPhases = (
				E549EE9621AC4A9E874C25B1 /* [CP] Check Pods Manifest.lock */,
				0380CED0221282870031427D /* Sources */,
				0380CED1221282870031427D /* Frameworks */,
				0380CED2221282870031427D /* Resources */,
				3B411EC70CC65CB4A4980C40 /* [CP] Embed Pods Frameworks */,
			);
			buildRules = (
			);
			dependencies = (
				0380CED6221282870031427D /* PBXTargetDependency */,
			);
			name = StarWarsPeopleTests;
			productName = StarWarsPeopleTests;
			productReference = 0380CED4221282870031427D /* StarWarsPeopleTests.xctest */;
			productType = "com.apple.product-type.bundle.unit-test";
		};
		0380CEDE221282870031427D /* StarWarsPeopleUITests */ = {
			isa = PBXNativeTarget;
			buildConfigurationList = 0380CEEE221282870031427D /* Build configuration list for PBXNativeTarget "StarWarsPeopleUITests" */;
			buildPhases = (
				E33AF6830C7D6265090E98D2 /* [CP] Check Pods Manifest.lock */,
				0380CEDB221282870031427D /* Sources */,
				0380CEDC221282870031427D /* Frameworks */,
				0380CEDD221282870031427D /* Resources */,
			);
			buildRules = (
			);
			dependencies = (
				0380CEE1221282870031427D /* PBXTargetDependency */,
			);
			name = StarWarsPeopleUITests;
			productName = StarWarsPeopleUITests;
			productReference = 0380CEDF221282870031427D /* StarWarsPeopleUITests.xctest */;
			productType = "com.apple.product-type.bundle.ui-testing";
		};
/* End PBXNativeTarget section */

/* Begin PBXProject section */
		0380CEB6221282860031427D /* Project object */ = {
			isa = PBXProject;
			attributes = {
				LastSwiftUpdateCheck = 1010;
				LastUpgradeCheck = 1010;
				ORGANIZATIONNAME = "Josh Elkins";
				TargetAttributes = {
					0380CEBD221282860031427D = {
						CreatedOnToolsVersion = 10.1;
					};
					0380CED3221282870031427D = {
						CreatedOnToolsVersion = 10.1;
						TestTargetID = 0380CEBD221282860031427D;
					};
					0380CEDE221282870031427D = {
						CreatedOnToolsVersion = 10.1;
						TestTargetID = 0380CEBD221282860031427D;
					};
				};
			};
			buildConfigurationList = 0380CEB9221282860031427D /* Build configuration list for PBXProject "StarWarsPeople" */;
			compatibilityVersion = "Xcode 9.3";
			developmentRegion = en;
			hasScannedForEncodings = 0;
			knownRegions = (
				en,
				Base,
			);
			mainGroup = 0380CEB5221282860031427D;
			productRefGroup = 0380CEBF221282860031427D /* Products */;
			projectDirPath = "";
			projectRoot = "";
			targets = (
				0380CEBD221282860031427D /* StarWarsPeople */,
				0380CED3221282870031427D /* StarWarsPeopleTests */,
				0380CEDE221282870031427D /* StarWarsPeopleUITests */,
			);
		};
/* End PBXProject section */

/* Begin PBXResourcesBuildPhase section */
		0380CEBC221282860031427D /* Resources */ = {
			isa = PBXResourcesBuildPhase;
			buildActionMask = 2147483647;
			files = (
				0380CECE221282870031427D /* LaunchScreen.storyboard in Resources */,
				0380CECB221282870031427D /* Assets.xcassets in Resources */,
				0380CEC9221282860031427D /* Main.storyboard in Resources */,
			);
			runOnlyForDeploymentPostprocessing = 0;
		};
		0380CED2221282870031427D /* Resources */ = {
			isa = PBXResourcesBuildPhase;
			buildActionMask = 2147483647;
			files = (
				03EC93D72213669B00CA88A3 /* PageOfPeople.json in Resources */,
			);
			runOnlyForDeploymentPostprocessing = 0;
		};
		0380CEDD221282870031427D /* Resources */ = {
			isa = PBXResourcesBuildPhase;
			buildActionMask = 2147483647;
			files = (
			);
			runOnlyForDeploymentPostprocessing = 0;
		};
/* End PBXResourcesBuildPhase section */

/* Begin PBXShellScriptBuildPhase section */
		3B411EC70CC65CB4A4980C40 /* [CP] Embed Pods Frameworks */ = {
			isa = PBXShellScriptBuildPhase;
			buildActionMask = 2147483647;
			files = (
			);
			inputFileListPaths = (
			);
			inputPaths = (
				"${SRCROOT}/Pods/Target Support Files/Pods-StarWarsPeopleTests/Pods-StarWarsPeopleTests-frameworks.sh",
				"${BUILT_PRODUCTS_DIR}/OHHTTPStubs/OHHTTPStubs.framework",
			);
			name = "[CP] Embed Pods Frameworks";
			outputFileListPaths = (
			);
			outputPaths = (
				"${TARGET_BUILD_DIR}/${FRAMEWORKS_FOLDER_PATH}/OHHTTPStubs.framework",
			);
			runOnlyForDeploymentPostprocessing = 0;
			shellPath = /bin/sh;
			shellScript = "\"${SRCROOT}/Pods/Target Support Files/Pods-StarWarsPeopleTests/Pods-StarWarsPeopleTests-frameworks.sh\"\n";
			showEnvVarsInLog = 0;
		};
		4CF8B255EDC97C8FCB7B5C4B /* [CP] Check Pods Manifest.lock */ = {
			isa = PBXShellScriptBuildPhase;
			buildActionMask = 2147483647;
			files = (
			);
			inputFileListPaths = (
			);
			inputPaths = (
				"${PODS_PODFILE_DIR_PATH}/Podfile.lock",
				"${PODS_ROOT}/Manifest.lock",
			);
			name = "[CP] Check Pods Manifest.lock";
			outputFileListPaths = (
			);
			outputPaths = (
				"$(DERIVED_FILE_DIR)/Pods-StarWarsPeople-checkManifestLockResult.txt",
			);
			runOnlyForDeploymentPostprocessing = 0;
			shellPath = /bin/sh;
			shellScript = "diff \"${PODS_PODFILE_DIR_PATH}/Podfile.lock\" \"${PODS_ROOT}/Manifest.lock\" > /dev/null\nif [ $? != 0 ] ; then\n    # print error to STDERR\n    echo \"error: The sandbox is not in sync with the Podfile.lock. Run 'pod install' or update your CocoaPods installation.\" >&2\n    exit 1\nfi\n# This output is used by Xcode 'outputs' to avoid re-running this script phase.\necho \"SUCCESS\" > \"${SCRIPT_OUTPUT_FILE_0}\"\n";
			showEnvVarsInLog = 0;
		};
		A4D2E867330B20A4D42C64ED /* [CP] Embed Pods Frameworks */ = {
			isa = PBXShellScriptBuildPhase;
			buildActionMask = 2147483647;
			files = (
			);
			inputFileListPaths = (
			);
			inputPaths = (
				"${SRCROOT}/Pods/Target Support Files/Pods-StarWarsPeople/Pods-StarWarsPeople-frameworks.sh",
				"${BUILT_PRODUCTS_DIR}/SAMKeychain/SAMKeychain.framework",
			);
			name = "[CP] Embed Pods Frameworks";
			outputFileListPaths = (
			);
			outputPaths = (
				"${TARGET_BUILD_DIR}/${FRAMEWORKS_FOLDER_PATH}/SAMKeychain.framework",
			);
			runOnlyForDeploymentPostprocessing = 0;
			shellPath = /bin/sh;
			shellScript = "\"${SRCROOT}/Pods/Target Support Files/Pods-StarWarsPeople/Pods-StarWarsPeople-frameworks.sh\"\n";
			showEnvVarsInLog = 0;
		};
		E33AF6830C7D6265090E98D2 /* [CP] Check Pods Manifest.lock */ = {
			isa = PBXShellScriptBuildPhase;
			buildActionMask = 2147483647;
			files = (
			);
			inputFileListPaths = (
			);
			inputPaths = (
				"${PODS_PODFILE_DIR_PATH}/Podfile.lock",
				"${PODS_ROOT}/Manifest.lock",
			);
			name = "[CP] Check Pods Manifest.lock";
			outputFileListPaths = (
			);
			outputPaths = (
				"$(DERIVED_FILE_DIR)/Pods-StarWarsPeopleUITests-checkManifestLockResult.txt",
			);
			runOnlyForDeploymentPostprocessing = 0;
			shellPath = /bin/sh;
			shellScript = "diff \"${PODS_PODFILE_DIR_PATH}/Podfile.lock\" \"${PODS_ROOT}/Manifest.lock\" > /dev/null\nif [ $? != 0 ] ; then\n    # print error to STDERR\n    echo \"error: The sandbox is not in sync with the Podfile.lock. Run 'pod install' or update your CocoaPods installation.\" >&2\n    exit 1\nfi\n# This output is used by Xcode 'outputs' to avoid re-running this script phase.\necho \"SUCCESS\" > \"${SCRIPT_OUTPUT_FILE_0}\"\n";
			showEnvVarsInLog = 0;
		};
		E549EE9621AC4A9E874C25B1 /* [CP] Check Pods Manifest.lock */ = {
			isa = PBXShellScriptBuildPhase;
			buildActionMask = 2147483647;
			files = (
			);
			inputFileListPaths = (
			);
			inputPaths = (
				"${PODS_PODFILE_DIR_PATH}/Podfile.lock",
				"${PODS_ROOT}/Manifest.lock",
			);
			name = "[CP] Check Pods Manifest.lock";
			outputFileListPaths = (
			);
			outputPaths = (
				"$(DERIVED_FILE_DIR)/Pods-StarWarsPeopleTests-checkManifestLockResult.txt",
			);
			runOnlyForDeploymentPostprocessing = 0;
			shellPath = /bin/sh;
			shellScript = "diff \"${PODS_PODFILE_DIR_PATH}/Podfile.lock\" \"${PODS_ROOT}/Manifest.lock\" > /dev/null\nif [ $? != 0 ] ; then\n    # print error to STDERR\n    echo \"error: The sandbox is not in sync with the Podfile.lock. Run 'pod install' or update your CocoaPods installation.\" >&2\n    exit 1\nfi\n# This output is used by Xcode 'outputs' to avoid re-running this script phase.\necho \"SUCCESS\" > \"${SCRIPT_OUTPUT_FILE_0}\"\n";
			showEnvVarsInLog = 0;
		};
/* End PBXShellScriptBuildPhase section */

/* Begin PBXSourcesBuildPhase section */
		0380CEBA221282860031427D /* Sources */ = {
			isa = PBXSourcesBuildPhase;
			buildActionMask = 2147483647;
			files = (
				03202045221325530065E421 /* MasterDataSource.swift in Sources */,
				032020412213234D0065E421 /* Person.swift in Sources */,
				032020482213261E0065E421 /* PeopleClient.swift in Sources */,
				0380CEC6221282860031427D /* DetailViewController.swift in Sources */,
				0380CEC4221282860031427D /* MasterViewController.swift in Sources */,
				0320203E221322FE0065E421 /* String+Error.swift in Sources */,
				0380CEF2221283310031427D /* SWAPIAdapter.swift in Sources */,
				0380CEC2221282860031427D /* AppDelegate.swift in Sources */,
				0320204A2213265A0065E421 /* SWAPIAdapterInterface.swift in Sources */,
				0320204C22132CF80065E421 /* PeopleClientInterface.swift in Sources */,
				03202043221323A90065E421 /* PageOfPeople.swift in Sources */,
			);
			runOnlyForDeploymentPostprocessing = 0;
		};
		0380CED0221282870031427D /* Sources */ = {
			isa = PBXSourcesBuildPhase;
			buildActionMask = 2147483647;
			files = (
				03EC93D0221355D800CA88A3 /* TestPeople.swift in Sources */,
				0380CEF422129E4E0031427D /* SWAPIAdapterTests.swift in Sources */,
				03EC93CE221352B700CA88A3 /* MasterDataSourceTests.swift in Sources */,
				03EC93D22213658700CA88A3 /* PeopleClientMock.swift in Sources */,
			);
			runOnlyForDeploymentPostprocessing = 0;
		};
		0380CEDB221282870031427D /* Sources */ = {
			isa = PBXSourcesBuildPhase;
			buildActionMask = 2147483647;
			files = (
				0380CEE4221282870031427D /* StarWarsPeopleUITests.swift in Sources */,
			);
			runOnlyForDeploymentPostprocessing = 0;
		};
/* End PBXSourcesBuildPhase section */

/* Begin PBXTargetDependency section */
		0380CED6221282870031427D /* PBXTargetDependency */ = {
			isa = PBXTargetDependency;
			target = 0380CEBD221282860031427D /* StarWarsPeople */;
			targetProxy = 0380CED5221282870031427D /* PBXContainerItemProxy */;
		};
		0380CEE1221282870031427D /* PBXTargetDependency */ = {
			isa = PBXTargetDependency;
			target = 0380CEBD221282860031427D /* StarWarsPeople */;
			targetProxy = 0380CEE0221282870031427D /* PBXContainerItemProxy */;
		};
/* End PBXTargetDependency section */

/* Begin PBXVariantGroup section */
		0380CEC7221282860031427D /* Main.storyboard */ = {
			isa = PBXVariantGroup;
			children = (
				0380CEC8221282860031427D /* Base */,
			);
			name = Main.storyboard;
			sourceTree = "<group>";
		};
		0380CECC221282870031427D /* LaunchScreen.storyboard */ = {
			isa = PBXVariantGroup;
			children = (
				0380CECD221282870031427D /* Base */,
			);
			name = LaunchScreen.storyboard;
			sourceTree = "<group>";
		};
/* End PBXVariantGroup section */

/* Begin XCBuildConfiguration section */
		0380CEE6221282870031427D /* Debug */ = {
			isa = XCBuildConfiguration;
			buildSettings = {
				ALWAYS_SEARCH_USER_PATHS = NO;
				CLANG_ANALYZER_NONNULL = YES;
				CLANG_ANALYZER_NUMBER_OBJECT_CONVERSION = YES_AGGRESSIVE;
				CLANG_CXX_LANGUAGE_STANDARD = "gnu++14";
				CLANG_CXX_LIBRARY = "libc++";
				CLANG_ENABLE_MODULES = YES;
				CLANG_ENABLE_OBJC_ARC = YES;
				CLANG_ENABLE_OBJC_WEAK = YES;
				CLANG_WARN_BLOCK_CAPTURE_AUTORELEASING = YES;
				CLANG_WARN_BOOL_CONVERSION = YES;
				CLANG_WARN_COMMA = YES;
				CLANG_WARN_CONSTANT_CONVERSION = YES;
				CLANG_WARN_DEPRECATED_OBJC_IMPLEMENTATIONS = YES;
				CLANG_WARN_DIRECT_OBJC_ISA_USAGE = YES_ERROR;
				CLANG_WARN_DOCUMENTATION_COMMENTS = YES;
				CLANG_WARN_EMPTY_BODY = YES;
				CLANG_WARN_ENUM_CONVERSION = YES;
				CLANG_WARN_INFINITE_RECURSION = YES;
				CLANG_WARN_INT_CONVERSION = YES;
				CLANG_WARN_NON_LITERAL_NULL_CONVERSION = YES;
				CLANG_WARN_OBJC_IMPLICIT_RETAIN_SELF = YES;
				CLANG_WARN_OBJC_LITERAL_CONVERSION = YES;
				CLANG_WARN_OBJC_ROOT_CLASS = YES_ERROR;
				CLANG_WARN_RANGE_LOOP_ANALYSIS = YES;
				CLANG_WARN_STRICT_PROTOTYPES = YES;
				CLANG_WARN_SUSPICIOUS_MOVE = YES;
				CLANG_WARN_UNGUARDED_AVAILABILITY = YES_AGGRESSIVE;
				CLANG_WARN_UNREACHABLE_CODE = YES;
				CLANG_WARN__DUPLICATE_METHOD_MATCH = YES;
				CODE_SIGN_IDENTITY = "iPhone Developer";
				COPY_PHASE_STRIP = NO;
				DEBUG_INFORMATION_FORMAT = dwarf;
				ENABLE_STRICT_OBJC_MSGSEND = YES;
				ENABLE_TESTABILITY = YES;
				GCC_C_LANGUAGE_STANDARD = gnu11;
				GCC_DYNAMIC_NO_PIC = NO;
				GCC_NO_COMMON_BLOCKS = YES;
				GCC_OPTIMIZATION_LEVEL = 0;
				GCC_PREPROCESSOR_DEFINITIONS = (
					"DEBUG=1",
					"$(inherited)",
				);
				GCC_WARN_64_TO_32_BIT_CONVERSION = YES;
				GCC_WARN_ABOUT_RETURN_TYPE = YES_ERROR;
				GCC_WARN_UNDECLARED_SELECTOR = YES;
				GCC_WARN_UNINITIALIZED_AUTOS = YES_AGGRESSIVE;
				GCC_WARN_UNUSED_FUNCTION = YES;
				GCC_WARN_UNUSED_VARIABLE = YES;
				IPHONEOS_DEPLOYMENT_TARGET = 12.1;
				MTL_ENABLE_DEBUG_INFO = INCLUDE_SOURCE;
				MTL_FAST_MATH = YES;
				ONLY_ACTIVE_ARCH = YES;
				SDKROOT = iphoneos;
				SWIFT_ACTIVE_COMPILATION_CONDITIONS = DEBUG;
				SWIFT_OPTIMIZATION_LEVEL = "-Onone";
			};
			name = Debug;
		};
		0380CEE7221282870031427D /* Release */ = {
			isa = XCBuildConfiguration;
			buildSettings = {
				ALWAYS_SEARCH_USER_PATHS = NO;
				CLANG_ANALYZER_NONNULL = YES;
				CLANG_ANALYZER_NUMBER_OBJECT_CONVERSION = YES_AGGRESSIVE;
				CLANG_CXX_LANGUAGE_STANDARD = "gnu++14";
				CLANG_CXX_LIBRARY = "libc++";
				CLANG_ENABLE_MODULES = YES;
				CLANG_ENABLE_OBJC_ARC = YES;
				CLANG_ENABLE_OBJC_WEAK = YES;
				CLANG_WARN_BLOCK_CAPTURE_AUTORELEASING = YES;
				CLANG_WARN_BOOL_CONVERSION = YES;
				CLANG_WARN_COMMA = YES;
				CLANG_WARN_CONSTANT_CONVERSION = YES;
				CLANG_WARN_DEPRECATED_OBJC_IMPLEMENTATIONS = YES;
				CLANG_WARN_DIRECT_OBJC_ISA_USAGE = YES_ERROR;
				CLANG_WARN_DOCUMENTATION_COMMENTS = YES;
				CLANG_WARN_EMPTY_BODY = YES;
				CLANG_WARN_ENUM_CONVERSION = YES;
				CLANG_WARN_INFINITE_RECURSION = YES;
				CLANG_WARN_INT_CONVERSION = YES;
				CLANG_WARN_NON_LITERAL_NULL_CONVERSION = YES;
				CLANG_WARN_OBJC_IMPLICIT_RETAIN_SELF = YES;
				CLANG_WARN_OBJC_LITERAL_CONVERSION = YES;
				CLANG_WARN_OBJC_ROOT_CLASS = YES_ERROR;
				CLANG_WARN_RANGE_LOOP_ANALYSIS = YES;
				CLANG_WARN_STRICT_PROTOTYPES = YES;
				CLANG_WARN_SUSPICIOUS_MOVE = YES;
				CLANG_WARN_UNGUARDED_AVAILABILITY = YES_AGGRESSIVE;
				CLANG_WARN_UNREACHABLE_CODE = YES;
				CLANG_WARN__DUPLICATE_METHOD_MATCH = YES;
				CODE_SIGN_IDENTITY = "iPhone Developer";
				COPY_PHASE_STRIP = NO;
				DEBUG_INFORMATION_FORMAT = "dwarf-with-dsym";
				ENABLE_NS_ASSERTIONS = NO;
				ENABLE_STRICT_OBJC_MSGSEND = YES;
				GCC_C_LANGUAGE_STANDARD = gnu11;
				GCC_NO_COMMON_BLOCKS = YES;
				GCC_WARN_64_TO_32_BIT_CONVERSION = YES;
				GCC_WARN_ABOUT_RETURN_TYPE = YES_ERROR;
				GCC_WARN_UNDECLARED_SELECTOR = YES;
				GCC_WARN_UNINITIALIZED_AUTOS = YES_AGGRESSIVE;
				GCC_WARN_UNUSED_FUNCTION = YES;
				GCC_WARN_UNUSED_VARIABLE = YES;
				IPHONEOS_DEPLOYMENT_TARGET = 12.1;
				MTL_ENABLE_DEBUG_INFO = NO;
				MTL_FAST_MATH = YES;
				SDKROOT = iphoneos;
				SWIFT_COMPILATION_MODE = wholemodule;
				SWIFT_OPTIMIZATION_LEVEL = "-O";
				VALIDATE_PRODUCT = YES;
			};
			name = Release;
		};
		0380CEE9221282870031427D /* Debug */ = {
			isa = XCBuildConfiguration;
			baseConfigurationReference = A9BEDBDD4DDF1DD30863EEF8 /* Pods-StarWarsPeople.debug.xcconfig */;
			buildSettings = {
				ASSETCATALOG_COMPILER_APPICON_NAME = AppIcon;
				CODE_SIGN_STYLE = Automatic;
				DEVELOPMENT_TEAM = X479G28S2V;
				INFOPLIST_FILE = StarWarsPeople/Info.plist;
				LD_RUNPATH_SEARCH_PATHS = (
					"$(inherited)",
					"@executable_path/Frameworks",
				);
				PRODUCT_BUNDLE_IDENTIFIER = com.parkwhiz.StarWarsPeople;
				PRODUCT_NAME = "$(TARGET_NAME)";
				SWIFT_VERSION = 4.2;
				TARGETED_DEVICE_FAMILY = "1,2";
			};
			name = Debug;
		};
		0380CEEA221282870031427D /* Release */ = {
			isa = XCBuildConfiguration;
			baseConfigurationReference = 8A5648103D64A65D3E677013 /* Pods-StarWarsPeople.release.xcconfig */;
			buildSettings = {
				ASSETCATALOG_COMPILER_APPICON_NAME = AppIcon;
				CODE_SIGN_STYLE = Automatic;
				DEVELOPMENT_TEAM = X479G28S2V;
				INFOPLIST_FILE = StarWarsPeople/Info.plist;
				LD_RUNPATH_SEARCH_PATHS = (
					"$(inherited)",
					"@executable_path/Frameworks",
				);
				PRODUCT_BUNDLE_IDENTIFIER = com.parkwhiz.StarWarsPeople;
				PRODUCT_NAME = "$(TARGET_NAME)";
				SWIFT_VERSION = 4.2;
				TARGETED_DEVICE_FAMILY = "1,2";
			};
			name = Release;
		};
		0380CEEC221282870031427D /* Debug */ = {
			isa = XCBuildConfiguration;
			baseConfigurationReference = E7C3D096BABA20637231E2FC /* Pods-StarWarsPeopleTests.debug.xcconfig */;
			buildSettings = {
				ALWAYS_EMBED_SWIFT_STANDARD_LIBRARIES = YES;
				BUNDLE_LOADER = "$(TEST_HOST)";
				CODE_SIGN_STYLE = Automatic;
				DEVELOPMENT_TEAM = X479G28S2V;
				INFOPLIST_FILE = StarWarsPeopleTests/Info.plist;
				LD_RUNPATH_SEARCH_PATHS = (
					"$(inherited)",
					"@executable_path/Frameworks",
					"@loader_path/Frameworks",
				);
				PRODUCT_BUNDLE_IDENTIFIER = com.parkwhiz.StarWarsPeopleTests;
				PRODUCT_NAME = "$(TARGET_NAME)";
				SWIFT_VERSION = 4.2;
				TARGETED_DEVICE_FAMILY = "1,2";
				TEST_HOST = "$(BUILT_PRODUCTS_DIR)/StarWarsPeople.app/StarWarsPeople";
			};
			name = Debug;
		};
		0380CEED221282870031427D /* Release */ = {
			isa = XCBuildConfiguration;
			baseConfigurationReference = F389DDB30E80A3E7406B8A8D /* Pods-StarWarsPeopleTests.release.xcconfig */;
			buildSettings = {
				ALWAYS_EMBED_SWIFT_STANDARD_LIBRARIES = YES;
				BUNDLE_LOADER = "$(TEST_HOST)";
				CODE_SIGN_STYLE = Automatic;
				DEVELOPMENT_TEAM = X479G28S2V;
				INFOPLIST_FILE = StarWarsPeopleTests/Info.plist;
				LD_RUNPATH_SEARCH_PATHS = (
					"$(inherited)",
					"@executable_path/Frameworks",
					"@loader_path/Frameworks",
				);
				PRODUCT_BUNDLE_IDENTIFIER = com.parkwhiz.StarWarsPeopleTests;
				PRODUCT_NAME = "$(TARGET_NAME)";
				SWIFT_VERSION = 4.2;
				TARGETED_DEVICE_FAMILY = "1,2";
				TEST_HOST = "$(BUILT_PRODUCTS_DIR)/StarWarsPeople.app/StarWarsPeople";
			};
			name = Release;
		};
		0380CEEF221282870031427D /* Debug */ = {
			isa = XCBuildConfiguration;
			baseConfigurationReference = 668582A4EE975399566275D1 /* Pods-StarWarsPeopleUITests.debug.xcconfig */;
			buildSettings = {
				ALWAYS_EMBED_SWIFT_STANDARD_LIBRARIES = YES;
				CODE_SIGN_STYLE = Automatic;
				DEVELOPMENT_TEAM = X479G28S2V;
				INFOPLIST_FILE = StarWarsPeopleUITests/Info.plist;
				LD_RUNPATH_SEARCH_PATHS = (
					"$(inherited)",
					"@executable_path/Frameworks",
					"@loader_path/Frameworks",
				);
				PRODUCT_BUNDLE_IDENTIFIER = com.parkwhiz.StarWarsPeopleUITests;
				PRODUCT_NAME = "$(TARGET_NAME)";
				SWIFT_VERSION = 4.2;
				TARGETED_DEVICE_FAMILY = "1,2";
				TEST_TARGET_NAME = StarWarsPeople;
			};
			name = Debug;
		};
		0380CEF0221282870031427D /* Release */ = {
			isa = XCBuildConfiguration;
			baseConfigurationReference = 72E2D5FEF87DD430954010D5 /* Pods-StarWarsPeopleUITests.release.xcconfig */;
			buildSettings = {
				ALWAYS_EMBED_SWIFT_STANDARD_LIBRARIES = YES;
				CODE_SIGN_STYLE = Automatic;
				DEVELOPMENT_TEAM = X479G28S2V;
				INFOPLIST_FILE = StarWarsPeopleUITests/Info.plist;
				LD_RUNPATH_SEARCH_PATHS = (
					"$(inherited)",
					"@executable_path/Frameworks",
					"@loader_path/Frameworks",
				);
				PRODUCT_BUNDLE_IDENTIFIER = com.parkwhiz.StarWarsPeopleUITests;
				PRODUCT_NAME = "$(TARGET_NAME)";
				SWIFT_VERSION = 4.2;
				TARGETED_DEVICE_FAMILY = "1,2";
				TEST_TARGET_NAME = StarWarsPeople;
			};
			name = Release;
		};
/* End XCBuildConfiguration section */

/* Begin XCConfigurationList section */
		0380CEB9221282860031427D /* Build configuration list for PBXProject "StarWarsPeople" */ = {
			isa = XCConfigurationList;
			buildConfigurations = (
				0380CEE6221282870031427D /* Debug */,
				0380CEE7221282870031427D /* Release */,
			);
			defaultConfigurationIsVisible = 0;
			defaultConfigurationName = Release;
		};
		0380CEE8221282870031427D /* Build configuration list for PBXNativeTarget "StarWarsPeople" */ = {
			isa = XCConfigurationList;
			buildConfigurations = (
				0380CEE9221282870031427D /* Debug */,
				0380CEEA221282870031427D /* Release */,
			);
			defaultConfigurationIsVisible = 0;
			defaultConfigurationName = Release;
		};
		0380CEEB221282870031427D /* Build configuration list for PBXNativeTarget "StarWarsPeopleTests" */ = {
			isa = XCConfigurationList;
			buildConfigurations = (
				0380CEEC221282870031427D /* Debug */,
				0380CEED221282870031427D /* Release */,
			);
			defaultConfigurationIsVisible = 0;
			defaultConfigurationName = Release;
		};
		0380CEEE221282870031427D /* Build configuration list for PBXNativeTarget "StarWarsPeopleUITests" */ = {
			isa = XCConfigurationList;
			buildConfigurations = (
				0380CEEF221282870031427D /* Debug */,
				0380CEF0221282870031427D /* Release */,
			);
			defaultConfigurationIsVisible = 0;
			defaultConfigurationName = Release;
		};
/* End XCConfigurationList section */
	};
	rootObject = 0380CEB6221282860031427D /* Project object */;
}
